// !$*UTF8*$!
{
	archiveVersion = 1;
	classes = {
	};
	objectVersion = 46;
	objects = {

/* Begin PBXBuildFile section */
		ACE065841B0B7DC800A83725 /* main.m in Sources */ = {isa = PBXBuildFile; fileRef = ACE065831B0B7DC800A83725 /* main.m */; };
		ACE065871B0B7DC800A83725 /* AppDelegate.m in Sources */ = {isa = PBXBuildFile; fileRef = ACE065861B0B7DC800A83725 /* AppDelegate.m */; };
		ACE0658A1B0B7DC800A83725 /* ViewController.m in Sources */ = {isa = PBXBuildFile; fileRef = ACE065891B0B7DC800A83725 /* ViewController.m */; };
		ACE0658D1B0B7DC800A83725 /* Main.storyboard in Resources */ = {isa = PBXBuildFile; fileRef = ACE0658B1B0B7DC800A83725 /* Main.storyboard */; };
		ACE0658F1B0B7DC800A83725 /* Images.xcassets in Resources */ = {isa = PBXBuildFile; fileRef = ACE0658E1B0B7DC800A83725 /* Images.xcassets */; };
		ACE065921B0B7DC800A83725 /* LaunchScreen.xib in Resources */ = {isa = PBXBuildFile; fileRef = ACE065901B0B7DC800A83725 /* LaunchScreen.xib */; };
		ACE0659E1B0B7DC800A83725 /* ___Tests.m in Sources */ = {isa = PBXBuildFile; fileRef = ACE0659D1B0B7DC800A83725 /* ___Tests.m */; };
		ACE065AC1B0B85BF00A83725 /* SQhomeViewController.m in Sources */ = {isa = PBXBuildFile; fileRef = ACE065AB1B0B85BF00A83725 /* SQhomeViewController.m */; };
		ACE065AF1B0B85E300A83725 /* SQcommunityViewController.m in Sources */ = {isa = PBXBuildFile; fileRef = ACE065AE1B0B85E300A83725 /* SQcommunityViewController.m */; };
		ACE065B21B0B85F900A83725 /* SQmyViewController.m in Sources */ = {isa = PBXBuildFile; fileRef = ACE065B11B0B85F900A83725 /* SQmyViewController.m */; };
		ACE067511B0B8AA100A83725 /* tabbarBtn.m in Sources */ = {isa = PBXBuildFile; fileRef = ACE066921B0B8AA100A83725 /* tabbarBtn.m */; };
		ACE067521B0B8AA100A83725 /* TabbarController.m in Sources */ = {isa = PBXBuildFile; fileRef = ACE066941B0B8AA100A83725 /* TabbarController.m */; };
		ACE067621B0C330A00A83725 /* Constants.m in Sources */ = {isa = PBXBuildFile; fileRef = ACE067611B0C330A00A83725 /* Constants.m */; };
		ACE067651B0C749500A83725 /* halfView.m in Sources */ = {isa = PBXBuildFile; fileRef = ACE067641B0C749500A83725 /* halfView.m */; };
		ACE067671B0C74AD00A83725 /* halfOfView.xib in Resources */ = {isa = PBXBuildFile; fileRef = ACE067661B0C74AD00A83725 /* halfOfView.xib */; };
		ACE0676B1B0C850600A83725 /* login.m in Sources */ = {isa = PBXBuildFile; fileRef = ACE0676A1B0C850600A83725 /* login.m */; };
/* End PBXBuildFile section */

/* Begin PBXContainerItemProxy section */
		ACE065981B0B7DC800A83725 /* PBXContainerItemProxy */ = {
			isa = PBXContainerItemProxy;
			containerPortal = ACE065761B0B7DC800A83725 /* Project object */;
			proxyType = 1;
			remoteGlobalIDString = ACE0657D1B0B7DC800A83725;
			remoteInfo = "社区邦";
		};
/* End PBXContainerItemProxy section */

/* Begin PBXFileReference section */
		ACE0657E1B0B7DC800A83725 /* 社区邦.app */ = {isa = PBXFileReference; explicitFileType = wrapper.application; includeInIndex = 0; path = "社区邦.app"; sourceTree = BUILT_PRODUCTS_DIR; };
		ACE065821B0B7DC800A83725 /* Info.plist */ = {isa = PBXFileReference; lastKnownFileType = text.plist.xml; path = Info.plist; sourceTree = "<group>"; };
		ACE065831B0B7DC800A83725 /* main.m */ = {isa = PBXFileReference; lastKnownFileType = sourcecode.c.objc; path = main.m; sourceTree = "<group>"; };
		ACE065851B0B7DC800A83725 /* AppDelegate.h */ = {isa = PBXFileReference; lastKnownFileType = sourcecode.c.h; path = AppDelegate.h; sourceTree = "<group>"; };
		ACE065861B0B7DC800A83725 /* AppDelegate.m */ = {isa = PBXFileReference; lastKnownFileType = sourcecode.c.objc; path = AppDelegate.m; sourceTree = "<group>"; };
		ACE065881B0B7DC800A83725 /* ViewController.h */ = {isa = PBXFileReference; lastKnownFileType = sourcecode.c.h; path = ViewController.h; sourceTree = "<group>"; };
		ACE065891B0B7DC800A83725 /* ViewController.m */ = {isa = PBXFileReference; lastKnownFileType = sourcecode.c.objc; path = ViewController.m; sourceTree = "<group>"; };
		ACE0658C1B0B7DC800A83725 /* Base */ = {isa = PBXFileReference; lastKnownFileType = file.storyboard; name = Base; path = Base.lproj/Main.storyboard; sourceTree = "<group>"; };
		ACE0658E1B0B7DC800A83725 /* Images.xcassets */ = {isa = PBXFileReference; lastKnownFileType = folder.assetcatalog; path = Images.xcassets; sourceTree = "<group>"; };
		ACE065911B0B7DC800A83725 /* Base */ = {isa = PBXFileReference; lastKnownFileType = file.xib; name = Base; path = Base.lproj/LaunchScreen.xib; sourceTree = "<group>"; };
		ACE065971B0B7DC800A83725 /* 社区邦Tests.xctest */ = {isa = PBXFileReference; explicitFileType = wrapper.cfbundle; includeInIndex = 0; path = "社区邦Tests.xctest"; sourceTree = BUILT_PRODUCTS_DIR; };
		ACE0659C1B0B7DC800A83725 /* Info.plist */ = {isa = PBXFileReference; lastKnownFileType = text.plist.xml; path = Info.plist; sourceTree = "<group>"; };
		ACE0659D1B0B7DC800A83725 /* ___Tests.m */ = {isa = PBXFileReference; lastKnownFileType = sourcecode.c.objc; path = "___Tests.m"; sourceTree = "<group>"; };
		ACE065AA1B0B85BF00A83725 /* SQhomeViewController.h */ = {isa = PBXFileReference; fileEncoding = 4; lastKnownFileType = sourcecode.c.h; path = SQhomeViewController.h; sourceTree = "<group>"; };
		ACE065AB1B0B85BF00A83725 /* SQhomeViewController.m */ = {isa = PBXFileReference; fileEncoding = 4; lastKnownFileType = sourcecode.c.objc; path = SQhomeViewController.m; sourceTree = "<group>"; };
		ACE065AD1B0B85E300A83725 /* SQcommunityViewController.h */ = {isa = PBXFileReference; fileEncoding = 4; lastKnownFileType = sourcecode.c.h; path = SQcommunityViewController.h; sourceTree = "<group>"; };
		ACE065AE1B0B85E300A83725 /* SQcommunityViewController.m */ = {isa = PBXFileReference; fileEncoding = 4; lastKnownFileType = sourcecode.c.objc; path = SQcommunityViewController.m; sourceTree = "<group>"; };
		ACE065B01B0B85F900A83725 /* SQmyViewController.h */ = {isa = PBXFileReference; fileEncoding = 4; lastKnownFileType = sourcecode.c.h; path = SQmyViewController.h; sourceTree = "<group>"; };
		ACE065B11B0B85F900A83725 /* SQmyViewController.m */ = {isa = PBXFileReference; fileEncoding = 4; lastKnownFileType = sourcecode.c.objc; path = SQmyViewController.m; sourceTree = "<group>"; };
		ACE065BA1B0B868000A83725 /* Public.h */ = {isa = PBXFileReference; fileEncoding = 4; lastKnownFileType = sourcecode.c.h; path = Public.h; sourceTree = "<group>"; };
		ACE066911B0B8AA100A83725 /* tabbarBtn.h */ = {isa = PBXFileReference; fileEncoding = 4; lastKnownFileType = sourcecode.c.h; path = tabbarBtn.h; sourceTree = "<group>"; };
		ACE066921B0B8AA100A83725 /* tabbarBtn.m */ = {isa = PBXFileReference; fileEncoding = 4; lastKnownFileType = sourcecode.c.objc; path = tabbarBtn.m; sourceTree = "<group>"; };
		ACE066931B0B8AA100A83725 /* TabbarController.h */ = {isa = PBXFileReference; fileEncoding = 4; lastKnownFileType = sourcecode.c.h; path = TabbarController.h; sourceTree = "<group>"; };
		ACE066941B0B8AA100A83725 /* TabbarController.m */ = {isa = PBXFileReference; fileEncoding = 4; lastKnownFileType = sourcecode.c.objc; path = TabbarController.m; sourceTree = "<group>"; };
		ACE067601B0C330A00A83725 /* Constants.h */ = {isa = PBXFileReference; fileEncoding = 4; lastKnownFileType = sourcecode.c.h; path = Constants.h; sourceTree = "<group>"; };
		ACE067611B0C330A00A83725 /* Constants.m */ = {isa = PBXFileReference; fileEncoding = 4; lastKnownFileType = sourcecode.c.objc; path = Constants.m; sourceTree = "<group>"; };
		ACE067631B0C749500A83725 /* halfView.h */ = {isa = PBXFileReference; fileEncoding = 4; lastKnownFileType = sourcecode.c.h; path = halfView.h; sourceTree = "<group>"; };
		ACE067641B0C749500A83725 /* halfView.m */ = {isa = PBXFileReference; fileEncoding = 4; lastKnownFileType = sourcecode.c.objc; path = halfView.m; sourceTree = "<group>"; };
		ACE067661B0C74AD00A83725 /* halfOfView.xib */ = {isa = PBXFileReference; fileEncoding = 4; lastKnownFileType = file.xib; path = halfOfView.xib; sourceTree = "<group>"; };
		ACE067691B0C850600A83725 /* login.h */ = {isa = PBXFileReference; fileEncoding = 4; lastKnownFileType = sourcecode.c.h; path = login.h; sourceTree = "<group>"; };
		ACE0676A1B0C850600A83725 /* login.m */ = {isa = PBXFileReference; fileEncoding = 4; lastKnownFileType = sourcecode.c.objc; path = login.m; sourceTree = "<group>"; };
/* End PBXFileReference section */

/* Begin PBXFrameworksBuildPhase section */
		ACE0657B1B0B7DC800A83725 /* Frameworks */ = {
			isa = PBXFrameworksBuildPhase;
			buildActionMask = 2147483647;
			files = (
			);
			runOnlyForDeploymentPostprocessing = 0;
		};
		ACE065941B0B7DC800A83725 /* Frameworks */ = {
			isa = PBXFrameworksBuildPhase;
			buildActionMask = 2147483647;
			files = (
			);
			runOnlyForDeploymentPostprocessing = 0;
		};
/* End PBXFrameworksBuildPhase section */

/* Begin PBXGroup section */
		ACE065751B0B7DC800A83725 = {
			isa = PBXGroup;
			children = (
				ACE065801B0B7DC800A83725 /* 社区邦 */,
				ACE0659A1B0B7DC800A83725 /* 社区邦Tests */,
				ACE0657F1B0B7DC800A83725 /* Products */,
			);
			sourceTree = "<group>";
		};
		ACE0657F1B0B7DC800A83725 /* Products */ = {
			isa = PBXGroup;
			children = (
				ACE0657E1B0B7DC800A83725 /* 社区邦.app */,
				ACE065971B0B7DC800A83725 /* 社区邦Tests.xctest */,
			);
			name = Products;
			sourceTree = "<group>";
		};
		ACE065801B0B7DC800A83725 /* 社区邦 */ = {
			isa = PBXGroup;
			children = (
				ACE067601B0C330A00A83725 /* Constants.h */,
				ACE067611B0C330A00A83725 /* Constants.m */,
				ACE065851B0B7DC800A83725 /* AppDelegate.h */,
				ACE065861B0B7DC800A83725 /* AppDelegate.m */,
				ACE065881B0B7DC800A83725 /* ViewController.h */,
				ACE065891B0B7DC800A83725 /* ViewController.m */,
				ACE065B31B0B860200A83725 /* tabbar */,
				ACE065A91B0B855300A83725 /* Home */,
				ACE065A81B0B855100A83725 /* Community */,
				ACE065A71B0B854D00A83725 /* My */,
				ACE067681B0C843100A83725 /* Login And Register */,
				ACE0658B1B0B7DC800A83725 /* Main.storyboard */,
				ACE0658E1B0B7DC800A83725 /* Images.xcassets */,
				ACE065901B0B7DC800A83725 /* LaunchScreen.xib */,
				ACE065811B0B7DC800A83725 /* Supporting Files */,
			);
			path = "社区邦";
			sourceTree = "<group>";
		};
		ACE065811B0B7DC800A83725 /* Supporting Files */ = {
			isa = PBXGroup;
			children = (
				ACE065821B0B7DC800A83725 /* Info.plist */,
				ACE065831B0B7DC800A83725 /* main.m */,
			);
			name = "Supporting Files";
			sourceTree = "<group>";
		};
		ACE0659A1B0B7DC800A83725 /* 社区邦Tests */ = {
			isa = PBXGroup;
			children = (
				ACE0659D1B0B7DC800A83725 /* ___Tests.m */,
				ACE0659B1B0B7DC800A83725 /* Supporting Files */,
			);
			path = "社区邦Tests";
			sourceTree = "<group>";
		};
		ACE0659B1B0B7DC800A83725 /* Supporting Files */ = {
			isa = PBXGroup;
			children = (
				ACE0659C1B0B7DC800A83725 /* Info.plist */,
			);
			name = "Supporting Files";
			sourceTree = "<group>";
		};
		ACE065A71B0B854D00A83725 /* My */ = {
			isa = PBXGroup;
			children = (
				ACE065B01B0B85F900A83725 /* SQmyViewController.h */,
				ACE065B11B0B85F900A83725 /* SQmyViewController.m */,
			);
			name = My;
			sourceTree = "<group>";
		};
		ACE065A81B0B855100A83725 /* Community */ = {
			isa = PBXGroup;
			children = (
				ACE065AD1B0B85E300A83725 /* SQcommunityViewController.h */,
				ACE065AE1B0B85E300A83725 /* SQcommunityViewController.m */,
			);
			name = Community;
			sourceTree = "<group>";
		};
		ACE065A91B0B855300A83725 /* Home */ = {
			isa = PBXGroup;
			children = (
				ACE065AA1B0B85BF00A83725 /* SQhomeViewController.h */,
				ACE065AB1B0B85BF00A83725 /* SQhomeViewController.m */,
			);
			name = Home;
			sourceTree = "<group>";
		};
		ACE065B31B0B860200A83725 /* tabbar */ = {
			isa = PBXGroup;
			children = (
				ACE066911B0B8AA100A83725 /* tabbarBtn.h */,
				ACE066921B0B8AA100A83725 /* tabbarBtn.m */,
				ACE066931B0B8AA100A83725 /* TabbarController.h */,
				ACE066941B0B8AA100A83725 /* TabbarController.m */,
				ACE065BA1B0B868000A83725 /* Public.h */,
			);
			name = tabbar;
			sourceTree = "<group>";
		};
		ACE067681B0C843100A83725 /* Login And Register */ = {
			isa = PBXGroup;
			children = (
				ACE067631B0C749500A83725 /* halfView.h */,
				ACE067641B0C749500A83725 /* halfView.m */,
				ACE067661B0C74AD00A83725 /* halfOfView.xib */,
				ACE067691B0C850600A83725 /* login.h */,
				ACE0676A1B0C850600A83725 /* login.m */,
			);
			name = "Login And Register";
			sourceTree = "<group>";
		};
/* End PBXGroup section */

/* Begin PBXNativeTarget section */
		ACE0657D1B0B7DC800A83725 /* 社区邦 */ = {
			isa = PBXNativeTarget;
			buildConfigurationList = ACE065A11B0B7DC800A83725 /* Build configuration list for PBXNativeTarget "社区邦" */;
			buildPhases = (
				ACE0657A1B0B7DC800A83725 /* Sources */,
				ACE0657B1B0B7DC800A83725 /* Frameworks */,
				ACE0657C1B0B7DC800A83725 /* Resources */,
			);
			buildRules = (
			);
			dependencies = (
			);
			name = "社区邦";
			productName = "社区邦";
			productReference = ACE0657E1B0B7DC800A83725 /* 社区邦.app */;
			productType = "com.apple.product-type.application";
		};
		ACE065961B0B7DC800A83725 /* 社区邦Tests */ = {
			isa = PBXNativeTarget;
			buildConfigurationList = ACE065A41B0B7DC800A83725 /* Build configuration list for PBXNativeTarget "社区邦Tests" */;
			buildPhases = (
				ACE065931B0B7DC800A83725 /* Sources */,
				ACE065941B0B7DC800A83725 /* Frameworks */,
				ACE065951B0B7DC800A83725 /* Resources */,
			);
			buildRules = (
			);
			dependencies = (
				ACE065991B0B7DC800A83725 /* PBXTargetDependency */,
			);
			name = "社区邦Tests";
			productName = "社区邦Tests";
			productReference = ACE065971B0B7DC800A83725 /* 社区邦Tests.xctest */;
			productType = "com.apple.product-type.bundle.unit-test";
		};
/* End PBXNativeTarget section */

/* Begin PBXProject section */
		ACE065761B0B7DC800A83725 /* Project object */ = {
			isa = PBXProject;
			attributes = {
				LastUpgradeCheck = 0630;
				ORGANIZATIONNAME = "韩先炜";
				TargetAttributes = {
					ACE0657D1B0B7DC800A83725 = {
						CreatedOnToolsVersion = 6.3.1;
					};
					ACE065961B0B7DC800A83725 = {
						CreatedOnToolsVersion = 6.3.1;
						TestTargetID = ACE0657D1B0B7DC800A83725;
					};
				};
			};
			buildConfigurationList = ACE065791B0B7DC800A83725 /* Build configuration list for PBXProject "社区邦" */;
			compatibilityVersion = "Xcode 3.2";
			developmentRegion = English;
			hasScannedForEncodings = 0;
			knownRegions = (
				en,
				Base,
			);
			mainGroup = ACE065751B0B7DC800A83725;
			productRefGroup = ACE0657F1B0B7DC800A83725 /* Products */;
			projectDirPath = "";
			projectRoot = "";
			targets = (
				ACE0657D1B0B7DC800A83725 /* 社区邦 */,
				ACE065961B0B7DC800A83725 /* 社区邦Tests */,
			);
		};
/* End PBXProject section */

/* Begin PBXResourcesBuildPhase section */
		ACE0657C1B0B7DC800A83725 /* Resources */ = {
			isa = PBXResourcesBuildPhase;
			buildActionMask = 2147483647;
			files = (
				ACE0658D1B0B7DC800A83725 /* Main.storyboard in Resources */,
				ACE065921B0B7DC800A83725 /* LaunchScreen.xib in Resources */,
				ACE0658F1B0B7DC800A83725 /* Images.xcassets in Resources */,
				ACE067671B0C74AD00A83725 /* halfOfView.xib in Resources */,
			);
			runOnlyForDeploymentPostprocessing = 0;
		};
		ACE065951B0B7DC800A83725 /* Resources */ = {
			isa = PBXResourcesBuildPhase;
			buildActionMask = 2147483647;
			files = (
			);
			runOnlyForDeploymentPostprocessing = 0;
		};
/* End PBXResourcesBuildPhase section */

/* Begin PBXSourcesBuildPhase section */
		ACE0657A1B0B7DC800A83725 /* Sources */ = {
			isa = PBXSourcesBuildPhase;
			buildActionMask = 2147483647;
			files = (
				ACE0658A1B0B7DC800A83725 /* ViewController.m in Sources */,
				ACE065AC1B0B85BF00A83725 /* SQhomeViewController.m in Sources */,
				ACE0676B1B0C850600A83725 /* login.m in Sources */,
				ACE067521B0B8AA100A83725 /* TabbarController.m in Sources */,
				ACE065871B0B7DC800A83725 /* AppDelegate.m in Sources */,
				ACE065841B0B7DC800A83725 /* main.m in Sources */,
				ACE065B21B0B85F900A83725 /* SQmyViewController.m in Sources */,
				ACE065AF1B0B85E300A83725 /* SQcommunityViewController.m in Sources */,
				ACE067651B0C749500A83725 /* halfView.m in Sources */,
				ACE067511B0B8AA100A83725 /* tabbarBtn.m in Sources */,
				ACE067621B0C330A00A83725 /* Constants.m in Sources */,
			);
			runOnlyForDeploymentPostprocessing = 0;
		};
		ACE065931B0B7DC800A83725 /* Sources */ = {
			isa = PBXSourcesBuildPhase;
			buildActionMask = 2147483647;
			files = (
				ACE0659E1B0B7DC800A83725 /* ___Tests.m in Sources */,
			);
			runOnlyForDeploymentPostprocessing = 0;
		};
/* End PBXSourcesBuildPhase section */

/* Begin PBXTargetDependency section */
		ACE065991B0B7DC800A83725 /* PBXTargetDependency */ = {
			isa = PBXTargetDependency;
			target = ACE0657D1B0B7DC800A83725 /* 社区邦 */;
			targetProxy = ACE065981B0B7DC800A83725 /* PBXContainerItemProxy */;
		};
/* End PBXTargetDependency section */

/* Begin PBXVariantGroup section */
		ACE0658B1B0B7DC800A83725 /* Main.storyboard */ = {
			isa = PBXVariantGroup;
			children = (
				ACE0658C1B0B7DC800A83725 /* Base */,
			);
			name = Main.storyboard;
			sourceTree = "<group>";
		};
		ACE065901B0B7DC800A83725 /* LaunchScreen.xib */ = {
			isa = PBXVariantGroup;
			children = (
				ACE065911B0B7DC800A83725 /* Base */,
			);
			name = LaunchScreen.xib;
			sourceTree = "<group>";
		};
/* End PBXVariantGroup section */

/* Begin XCBuildConfiguration section */
		ACE0659F1B0B7DC800A83725 /* Debug */ = {
			isa = XCBuildConfiguration;
			buildSettings = {
				ALWAYS_SEARCH_USER_PATHS = NO;
				CLANG_CXX_LANGUAGE_STANDARD = "gnu++0x";
				CLANG_CXX_LIBRARY = "libc++";
				CLANG_ENABLE_MODULES = YES;
				CLANG_ENABLE_OBJC_ARC = YES;
				CLANG_WARN_BOOL_CONVERSION = YES;
				CLANG_WARN_CONSTANT_CONVERSION = YES;
				CLANG_WARN_DIRECT_OBJC_ISA_USAGE = YES_ERROR;
				CLANG_WARN_EMPTY_BODY = YES;
				CLANG_WARN_ENUM_CONVERSION = YES;
				CLANG_WARN_INT_CONVERSION = YES;
				CLANG_WARN_OBJC_ROOT_CLASS = YES_ERROR;
				CLANG_WARN_UNREACHABLE_CODE = YES;
				CLANG_WARN__DUPLICATE_METHOD_MATCH = YES;
				"CODE_SIGN_IDENTITY[sdk=iphoneos*]" = "iPhone Developer";
				COPY_PHASE_STRIP = NO;
				DEBUG_INFORMATION_FORMAT = "dwarf-with-dsym";
				ENABLE_STRICT_OBJC_MSGSEND = YES;
				GCC_C_LANGUAGE_STANDARD = gnu99;
				GCC_DYNAMIC_NO_PIC = NO;
				GCC_NO_COMMON_BLOCKS = YES;
				GCC_OPTIMIZATION_LEVEL = 0;
				GCC_PREPROCESSOR_DEFINITIONS = (
					"DEBUG=1",
					"$(inherited)",
				);
				GCC_SYMBOLS_PRIVATE_EXTERN = NO;
				GCC_WARN_64_TO_32_BIT_CONVERSION = YES;
				GCC_WARN_ABOUT_RETURN_TYPE = YES_ERROR;
				GCC_WARN_UNDECLARED_SELECTOR = YES;
				GCC_WARN_UNINITIALIZED_AUTOS = YES_AGGRESSIVE;
				GCC_WARN_UNUSED_FUNCTION = YES;
				GCC_WARN_UNUSED_VARIABLE = YES;
				IPHONEOS_DEPLOYMENT_TARGET = 8.3;
				MTL_ENABLE_DEBUG_INFO = YES;
				ONLY_ACTIVE_ARCH = YES;
				SDKROOT = iphoneos;
			};
			name = Debug;
		};
		ACE065A01B0B7DC800A83725 /* Release */ = {
			isa = XCBuildConfiguration;
			buildSettings = {
				ALWAYS_SEARCH_USER_PATHS = NO;
				CLANG_CXX_LANGUAGE_STANDARD = "gnu++0x";
				CLANG_CXX_LIBRARY = "libc++";
				CLANG_ENABLE_MODULES = YES;
				CLANG_ENABLE_OBJC_ARC = YES;
				CLANG_WARN_BOOL_CONVERSION = YES;
				CLANG_WARN_CONSTANT_CONVERSION = YES;
				CLANG_WARN_DIRECT_OBJC_ISA_USAGE = YES_ERROR;
				CLANG_WARN_EMPTY_BODY = YES;
				CLANG_WARN_ENUM_CONVERSION = YES;
				CLANG_WARN_INT_CONVERSION = YES;
				CLANG_WARN_OBJC_ROOT_CLASS = YES_ERROR;
				CLANG_WARN_UNREACHABLE_CODE = YES;
				CLANG_WARN__DUPLICATE_METHOD_MATCH = YES;
				"CODE_SIGN_IDENTITY[sdk=iphoneos*]" = "iPhone Developer";
				COPY_PHASE_STRIP = NO;
				DEBUG_INFORMATION_FORMAT = "dwarf-with-dsym";
				ENABLE_NS_ASSERTIONS = NO;
				ENABLE_STRICT_OBJC_MSGSEND = YES;
				GCC_C_LANGUAGE_STANDARD = gnu99;
				GCC_NO_COMMON_BLOCKS = YES;
				GCC_WARN_64_TO_32_BIT_CONVERSION = YES;
				GCC_WARN_ABOUT_RETURN_TYPE = YES_ERROR;
				GCC_WARN_UNDECLARED_SELECTOR = YES;
				GCC_WARN_UNINITIALIZED_AUTOS = YES_AGGRESSIVE;
				GCC_WARN_UNUSED_FUNCTION = YES;
				GCC_WARN_UNUSED_VARIABLE = YES;
				IPHONEOS_DEPLOYMENT_TARGET = 8.3;
				MTL_ENABLE_DEBUG_INFO = NO;
				SDKROOT = iphoneos;
				VALIDATE_PRODUCT = YES;
			};
			name = Release;
		};
		ACE065A21B0B7DC800A83725 /* Debug */ = {
			isa = XCBuildConfiguration;
			buildSettings = {
				ASSETCATALOG_COMPILER_APPICON_NAME = AppIcon;
				ASSETCATALOG_COMPILER_LAUNCHIMAGE_NAME = LaunchImage;
				INFOPLIST_FILE = "社区邦/Info.plist";
				IPHONEOS_DEPLOYMENT_TARGET = 7.0;
				LD_RUNPATH_SEARCH_PATHS = "$(inherited) @executable_path/Frameworks";
				PRODUCT_NAME = "$(TARGET_NAME)";
			};
			name = Debug;
		};
		ACE065A31B0B7DC800A83725 /* Release */ = {
			isa = XCBuildConfiguration;
			buildSettings = {
				ASSETCATALOG_COMPILER_APPICON_NAME = AppIcon;
				ASSETCATALOG_COMPILER_LAUNCHIMAGE_NAME = LaunchImage;
				INFOPLIST_FILE = "社区邦/Info.plist";
				IPHONEOS_DEPLOYMENT_TARGET = 7.0;
				LD_RUNPATH_SEARCH_PATHS = "$(inherited) @executable_path/Frameworks";
				PRODUCT_NAME = "$(TARGET_NAME)";
			};
			name = Release;
		};
		ACE065A51B0B7DC800A83725 /* Debug */ = {
			isa = XCBuildConfiguration;
			buildSettings = {
				BUNDLE_LOADER = "$(TEST_HOST)";
				FRAMEWORK_SEARCH_PATHS = (
					"$(SDKROOT)/Developer/Library/Frameworks",
					"$(inherited)",
				);
				GCC_PREPROCESSOR_DEFINITIONS = (
					"DEBUG=1",
					"$(inherited)",
				);
				INFOPLIST_FILE = "社区邦Tests/Info.plist";
				LD_RUNPATH_SEARCH_PATHS = "$(inherited) @executable_path/Frameworks @loader_path/Frameworks";
				PRODUCT_NAME = "$(TARGET_NAME)";
				TEST_HOST = "$(BUILT_PRODUCTS_DIR)/社区邦.app/社区邦";
			};
			name = Debug;
		};
		ACE065A61B0B7DC800A83725 /* Release */ = {
			isa = XCBuildConfiguration;
			buildSettings = {
				BUNDLE_LOADER = "$(TEST_HOST)";
				FRAMEWORK_SEARCH_PATHS = (
					"$(SDKROOT)/Developer/Library/Frameworks",
					"$(inherited)",
				);
				INFOPLIST_FILE = "社区邦Tests/Info.plist";
				LD_RUNPATH_SEARCH_PATHS = "$(inherited) @executable_path/Frameworks @loader_path/Frameworks";
				PRODUCT_NAME = "$(TARGET_NAME)";
				TEST_HOST = "$(BUILT_PRODUCTS_DIR)/社区邦.app/社区邦";
			};
			name = Release;
		};
/* End XCBuildConfiguration section */

/* Begin XCConfigurationList section */
		ACE065791B0B7DC800A83725 /* Build configuration list for PBXProject "社区邦" */ = {
			isa = XCConfigurationList;
			buildConfigurations = (
				ACE0659F1B0B7DC800A83725 /* Debug */,
				ACE065A01B0B7DC800A83725 /* Release */,
			);
			defaultConfigurationIsVisible = 0;
			defaultConfigurationName = Release;
		};
		ACE065A11B0B7DC800A83725 /* Build configuration list for PBXNativeTarget "社区邦" */ = {
			isa = XCConfigurationList;
			buildConfigurations = (
				ACE065A21B0B7DC800A83725 /* Debug */,
				ACE065A31B0B7DC800A83725 /* Release */,
			);
			defaultConfigurationIsVisible = 0;
		};
		ACE065A41B0B7DC800A83725 /* Build configuration list for PBXNativeTarget "社区邦Tests" */ = {
			isa = XCConfigurationList;
			buildConfigurations = (
				ACE065A51B0B7DC800A83725 /* Debug */,
				ACE065A61B0B7DC800A83725 /* Release */,
			);
			defaultConfigurationIsVisible = 0;
		};
/* End XCConfigurationList section */
	};
	rootObject = ACE065761B0B7DC800A83725 /* Project object */;
}
